// !$*UTF8*$!
{
	archiveVersion = 1;
	classes = {
	};
	objectVersion = 50;
	objects = {

/* Begin PBXBuildFile section */
		6B5BCE4421BC15E40061BD90 /* AppDelegate.swift in Sources */ = {isa = PBXBuildFile; fileRef = 6B5BCE4321BC15E40061BD90 /* AppDelegate.swift */; };
		6B5BCE4921BC15E40061BD90 /* Main.storyboard in Resources */ = {isa = PBXBuildFile; fileRef = 6B5BCE4721BC15E40061BD90 /* Main.storyboard */; };
		6B5BCE4B21BC15E60061BD90 /* Assets.xcassets in Resources */ = {isa = PBXBuildFile; fileRef = 6B5BCE4A21BC15E60061BD90 /* Assets.xcassets */; };
		6B5BCE4E21BC15E60061BD90 /* LaunchScreen.storyboard in Resources */ = {isa = PBXBuildFile; fileRef = 6B5BCE4C21BC15E60061BD90 /* LaunchScreen.storyboard */; };
		6B5BCE5B21BC18630061BD90 /* InitViewController.swift in Sources */ = {isa = PBXBuildFile; fileRef = 6B5BCE5A21BC18630061BD90 /* InitViewController.swift */; };
		6BDE36F021BC1AB200353DF5 /* Constants.swift in Sources */ = {isa = PBXBuildFile; fileRef = 6BDE36EF21BC1AB200353DF5 /* Constants.swift */; };
/* End PBXBuildFile section */

/* Begin PBXFileReference section */
		6B5BCE4021BC15E40061BD90 /* Netizens.app */ = {isa = PBXFileReference; explicitFileType = wrapper.application; includeInIndex = 0; path = Netizens.app; sourceTree = BUILT_PRODUCTS_DIR; };
		6B5BCE4321BC15E40061BD90 /* AppDelegate.swift */ = {isa = PBXFileReference; lastKnownFileType = sourcecode.swift; path = AppDelegate.swift; sourceTree = "<group>"; };
		6B5BCE4821BC15E40061BD90 /* Base */ = {isa = PBXFileReference; lastKnownFileType = file.storyboard; name = Base; path = Base.lproj/Main.storyboard; sourceTree = "<group>"; };
		6B5BCE4A21BC15E60061BD90 /* Assets.xcassets */ = {isa = PBXFileReference; lastKnownFileType = folder.assetcatalog; path = Assets.xcassets; sourceTree = "<group>"; };
		6B5BCE4D21BC15E60061BD90 /* Base */ = {isa = PBXFileReference; lastKnownFileType = file.storyboard; name = Base; path = Base.lproj/LaunchScreen.storyboard; sourceTree = "<group>"; };
		6B5BCE4F21BC15E60061BD90 /* Info.plist */ = {isa = PBXFileReference; lastKnownFileType = text.plist.xml; path = Info.plist; sourceTree = "<group>"; };
		6B5BCE5A21BC18630061BD90 /* InitViewController.swift */ = {isa = PBXFileReference; lastKnownFileType = sourcecode.swift; path = InitViewController.swift; sourceTree = "<group>"; };
		6BDE36EF21BC1AB200353DF5 /* Constants.swift */ = {isa = PBXFileReference; lastKnownFileType = sourcecode.swift; path = Constants.swift; sourceTree = "<group>"; };
/* End PBXFileReference section */

/* Begin PBXFrameworksBuildPhase section */
		6B5BCE3D21BC15E40061BD90 /* Frameworks */ = {
			isa = PBXFrameworksBuildPhase;
			buildActionMask = 2147483647;
			files = (
			);
			runOnlyForDeploymentPostprocessing = 0;
		};
/* End PBXFrameworksBuildPhase section */

/* Begin PBXGroup section */
		6B5BCE3721BC15E40061BD90 = {
			isa = PBXGroup;
			children = (
				6B5BCE4221BC15E40061BD90 /* Netizens */,
				6B5BCE4121BC15E40061BD90 /* Products */,
			);
			sourceTree = "<group>";
		};
		6B5BCE4121BC15E40061BD90 /* Products */ = {
			isa = PBXGroup;
			children = (
				6B5BCE4021BC15E40061BD90 /* Netizens.app */,
			);
			name = Products;
			sourceTree = "<group>";
		};
		6B5BCE4221BC15E40061BD90 /* Netizens */ = {
			isa = PBXGroup;
			children = (
				6B5BCE4321BC15E40061BD90 /* AppDelegate.swift */,
				6B5BCE4721BC15E40061BD90 /* Main.storyboard */,
				6B5BCE5921BC17130061BD90 /* Model */,
				6B5BCE5821BC17000061BD90 /* ViewModel */,
				6B5BCE5721BC16F80061BD90 /* Views */,
				6B5BCE5621BC16DE0061BD90 /* Controllers */,
				6B5BCE5521BC16CD0061BD90 /* Other */,
				6B5BCE4F21BC15E60061BD90 /* Info.plist */,
			);
			path = Netizens;
			sourceTree = "<group>";
		};
		6B5BCE5521BC16CD0061BD90 /* Other */ = {
			isa = PBXGroup;
			children = (
				6BDE36EF21BC1AB200353DF5 /* Constants.swift */,
				6BDE36EC21BC1A1E00353DF5 /* Services */,
				6BDE36EE21BC1A5800353DF5 /* Extensions */,
				6B5BCE4A21BC15E60061BD90 /* Assets.xcassets */,
				6B5BCE4C21BC15E60061BD90 /* LaunchScreen.storyboard */,
			);
			path = Other;
			sourceTree = "<group>";
		};
		6B5BCE5621BC16DE0061BD90 /* Controllers */ = {
			isa = PBXGroup;
			children = (
				6B5BCE5A21BC18630061BD90 /* InitViewController.swift */,
			);
			path = Controllers;
			sourceTree = "<group>";
		};
		6B5BCE5721BC16F80061BD90 /* Views */ = {
			isa = PBXGroup;
			children = (
			);
			path = Views;
			sourceTree = "<group>";
		};
		6B5BCE5821BC17000061BD90 /* ViewModel */ = {
			isa = PBXGroup;
			children = (
			);
			path = ViewModel;
			sourceTree = "<group>";
		};
		6B5BCE5921BC17130061BD90 /* Model */ = {
			isa = PBXGroup;
			children = (
			);
			path = Model;
			sourceTree = "<group>";
		};
		6BDE36EC21BC1A1E00353DF5 /* Services */ = {
			isa = PBXGroup;
			children = (
				6BDE36ED21BC1A3100353DF5 /* Networking */,
			);
			path = Services;
			sourceTree = "<group>";
		};
		6BDE36ED21BC1A3100353DF5 /* Networking */ = {
			isa = PBXGroup;
			children = (
			);
			path = Networking;
			sourceTree = "<group>";
		};
		6BDE36EE21BC1A5800353DF5 /* Extensions */ = {
			isa = PBXGroup;
			children = (
			);
			path = Extensions;
			sourceTree = "<group>";
		};
/* End PBXGroup section */

/* Begin PBXNativeTarget section */
		6B5BCE3F21BC15E40061BD90 /* Netizens */ = {
			isa = PBXNativeTarget;
			buildConfigurationList = 6B5BCE5221BC15E60061BD90 /* Build configuration list for PBXNativeTarget "Netizens" */;
			buildPhases = (
				6B5BCE3C21BC15E40061BD90 /* Sources */,
				6B5BCE3D21BC15E40061BD90 /* Frameworks */,
				6B5BCE3E21BC15E40061BD90 /* Resources */,
			);
			buildRules = (
			);
			dependencies = (
			);
			name = Netizens;
			productName = Netizens;
			productReference = 6B5BCE4021BC15E40061BD90 /* Netizens.app */;
			productType = "com.apple.product-type.application";
		};
/* End PBXNativeTarget section */

/* Begin PBXProject section */
		6B5BCE3821BC15E40061BD90 /* Project object */ = {
			isa = PBXProject;
			attributes = {
				LastSwiftUpdateCheck = 1010;
				LastUpgradeCheck = 1010;
				ORGANIZATIONNAME = "Krzysztof Lech";
				TargetAttributes = {
					6B5BCE3F21BC15E40061BD90 = {
						CreatedOnToolsVersion = 10.1;
					};
				};
			};
			buildConfigurationList = 6B5BCE3B21BC15E40061BD90 /* Build configuration list for PBXProject "Netizens" */;
			compatibilityVersion = "Xcode 9.3";
			developmentRegion = en;
			hasScannedForEncodings = 0;
			knownRegions = (
				en,
				Base,
			);
			mainGroup = 6B5BCE3721BC15E40061BD90;
			productRefGroup = 6B5BCE4121BC15E40061BD90 /* Products */;
			projectDirPath = "";
			projectRoot = "";
			targets = (
				6B5BCE3F21BC15E40061BD90 /* Netizens */,
			);
		};
/* End PBXProject section */

/* Begin PBXResourcesBuildPhase section */
		6B5BCE3E21BC15E40061BD90 /* Resources */ = {
			isa = PBXResourcesBuildPhase;
			buildActionMask = 2147483647;
			files = (
				6B5BCE4E21BC15E60061BD90 /* LaunchScreen.storyboard in Resources */,
				6B5BCE4B21BC15E60061BD90 /* Assets.xcassets in Resources */,
				6B5BCE4921BC15E40061BD90 /* Main.storyboard in Resources */,
			);
			runOnlyForDeploymentPostprocessing = 0;
		};
/* End PBXResourcesBuildPhase section */

/* Begin PBXSourcesBuildPhase section */
		6B5BCE3C21BC15E40061BD90 /* Sources */ = {
			isa = PBXSourcesBuildPhase;
			buildActionMask = 2147483647;
			files = (
				6B5BCE5B21BC18630061BD90 /* InitViewController.swift in Sources */,
				6B5BCE4421BC15E40061BD90 /* AppDelegate.swift in Sources */,
				6BDE36F021BC1AB200353DF5 /* Constants.swift in Sources */,
			);
			runOnlyForDeploymentPostprocessing = 0;
		};
/* End PBXSourcesBuildPhase section */

/* Begin PBXVariantGroup section */
		6B5BCE4721BC15E40061BD90 /* Main.storyboard */ = {
			isa = PBXVariantGroup;
			children = (
				6B5BCE4821BC15E40061BD90 /* Base */,
			);
			name = Main.storyboard;
			sourceTree = "<group>";
		};
		6B5BCE4C21BC15E60061BD90 /* LaunchScreen.storyboard */ = {
			isa = PBXVariantGroup;
			children = (
				6B5BCE4D21BC15E60061BD90 /* Base */,
			);
			name = LaunchScreen.storyboard;
			sourceTree = "<group>";
		};
/* End PBXVariantGroup section */

/* Begin XCBuildConfiguration section */
		6B5BCE5021BC15E60061BD90 /* Debug */ = {
			isa = XCBuildConfiguration;
			buildSettings = {
				ALWAYS_SEARCH_USER_PATHS = NO;
				CLANG_ANALYZER_NONNULL = YES;
				CLANG_ANALYZER_NUMBER_OBJECT_CONVERSION = YES_AGGRESSIVE;
				CLANG_CXX_LANGUAGE_STANDARD = "gnu++14";
				CLANG_CXX_LIBRARY = "libc++";
				CLANG_ENABLE_MODULES = YES;
				CLANG_ENABLE_OBJC_ARC = YES;
				CLANG_ENABLE_OBJC_WEAK = YES;
				CLANG_WARN_BLOCK_CAPTURE_AUTORELEASING = YES;
				CLANG_WARN_BOOL_CONVERSION = YES;
				CLANG_WARN_COMMA = YES;
				CLANG_WARN_CONSTANT_CONVERSION = YES;
				CLANG_WARN_DEPRECATED_OBJC_IMPLEMENTATIONS = YES;
				CLANG_WARN_DIRECT_OBJC_ISA_USAGE = YES_ERROR;
				CLANG_WARN_DOCUMENTATION_COMMENTS = YES;
				CLANG_WARN_EMPTY_BODY = YES;
				CLANG_WARN_ENUM_CONVERSION = YES;
				CLANG_WARN_INFINITE_RECURSION = YES;
				CLANG_WARN_INT_CONVERSION = YES;
				CLANG_WARN_NON_LITERAL_NULL_CONVERSION = YES;
				CLANG_WARN_OBJC_IMPLICIT_RETAIN_SELF = YES;
				CLANG_WARN_OBJC_LITERAL_CONVERSION = YES;
				CLANG_WARN_OBJC_ROOT_CLASS = YES_ERROR;
				CLANG_WARN_RANGE_LOOP_ANALYSIS = YES;
				CLANG_WARN_STRICT_PROTOTYPES = YES;
				CLANG_WARN_SUSPICIOUS_MOVE = YES;
				CLANG_WARN_UNGUARDED_AVAILABILITY = YES_AGGRESSIVE;
				CLANG_WARN_UNREACHABLE_CODE = YES;
				CLANG_WARN__DUPLICATE_METHOD_MATCH = YES;
				CODE_SIGN_IDENTITY = "iPhone Developer";
				COPY_PHASE_STRIP = NO;
				DEBUG_INFORMATION_FORMAT = dwarf;
				ENABLE_STRICT_OBJC_MSGSEND = YES;
				ENABLE_TESTABILITY = YES;
				GCC_C_LANGUAGE_STANDARD = gnu11;
				GCC_DYNAMIC_NO_PIC = NO;
				GCC_NO_COMMON_BLOCKS = YES;
				GCC_OPTIMIZATION_LEVEL = 0;
				GCC_PREPROCESSOR_DEFINITIONS = (
					"DEBUG=1",
					"$(inherited)",
				);
				GCC_WARN_64_TO_32_BIT_CONVERSION = YES;
				GCC_WARN_ABOUT_RETURN_TYPE = YES_ERROR;
				GCC_WARN_UNDECLARED_SELECTOR = YES;
				GCC_WARN_UNINITIALIZED_AUTOS = YES_AGGRESSIVE;
				GCC_WARN_UNUSED_FUNCTION = YES;
				GCC_WARN_UNUSED_VARIABLE = YES;
				IPHONEOS_DEPLOYMENT_TARGET = 12.1;
				MTL_ENABLE_DEBUG_INFO = INCLUDE_SOURCE;
				MTL_FAST_MATH = YES;
				ONLY_ACTIVE_ARCH = YES;
				SDKROOT = iphoneos;
				SWIFT_ACTIVE_COMPILATION_CONDITIONS = DEBUG;
				SWIFT_OPTIMIZATION_LEVEL = "-Onone";
			};
			name = Debug;
		};
		6B5BCE5121BC15E60061BD90 /* Release */ = {
			isa = XCBuildConfiguration;
			buildSettings = {
				ALWAYS_SEARCH_USER_PATHS = NO;
				CLANG_ANALYZER_NONNULL = YES;
				CLANG_ANALYZER_NUMBER_OBJECT_CONVERSION = YES_AGGRESSIVE;
				CLANG_CXX_LANGUAGE_STANDARD = "gnu++14";
				CLANG_CXX_LIBRARY = "libc++";
				CLANG_ENABLE_MODULES = YES;
				CLANG_ENABLE_OBJC_ARC = YES;
				CLANG_ENABLE_OBJC_WEAK = YES;
				CLANG_WARN_BLOCK_CAPTURE_AUTORELEASING = YES;
				CLANG_WARN_BOOL_CONVERSION = YES;
				CLANG_WARN_COMMA = YES;
				CLANG_WARN_CONSTANT_CONVERSION = YES;
				CLANG_WARN_DEPRECATED_OBJC_IMPLEMENTATIONS = YES;
				CLANG_WARN_DIRECT_OBJC_ISA_USAGE = YES_ERROR;
				CLANG_WARN_DOCUMENTATION_COMMENTS = YES;
				CLANG_WARN_EMPTY_BODY = YES;
				CLANG_WARN_ENUM_CONVERSION = YES;
				CLANG_WARN_INFINITE_RECURSION = YES;
				CLANG_WARN_INT_CONVERSION = YES;
				CLANG_WARN_NON_LITERAL_NULL_CONVERSION = YES;
				CLANG_WARN_OBJC_IMPLICIT_RETAIN_SELF = YES;
				CLANG_WARN_OBJC_LITERAL_CONVERSION = YES;
				CLANG_WARN_OBJC_ROOT_CLASS = YES_ERROR;
				CLANG_WARN_RANGE_LOOP_ANALYSIS = YES;
				CLANG_WARN_STRICT_PROTOTYPES = YES;
				CLANG_WARN_SUSPICIOUS_MOVE = YES;
				CLANG_WARN_UNGUARDED_AVAILABILITY = YES_AGGRESSIVE;
				CLANG_WARN_UNREACHABLE_CODE = YES;
				CLANG_WARN__DUPLICATE_METHOD_MATCH = YES;
				CODE_SIGN_IDENTITY = "iPhone Developer";
				COPY_PHASE_STRIP = NO;
				DEBUG_INFORMATION_FORMAT = "dwarf-with-dsym";
				ENABLE_NS_ASSERTIONS = NO;
				ENABLE_STRICT_OBJC_MSGSEND = YES;
				GCC_C_LANGUAGE_STANDARD = gnu11;
				GCC_NO_COMMON_BLOCKS = YES;
				GCC_WARN_64_TO_32_BIT_CONVERSION = YES;
				GCC_WARN_ABOUT_RETURN_TYPE = YES_ERROR;
				GCC_WARN_UNDECLARED_SELECTOR = YES;
				GCC_WARN_UNINITIALIZED_AUTOS = YES_AGGRESSIVE;
				GCC_WARN_UNUSED_FUNCTION = YES;
				GCC_WARN_UNUSED_VARIABLE = YES;
				IPHONEOS_DEPLOYMENT_TARGET = 12.1;
				MTL_ENABLE_DEBUG_INFO = NO;
				MTL_FAST_MATH = YES;
				SDKROOT = iphoneos;
				SWIFT_COMPILATION_MODE = wholemodule;
				SWIFT_OPTIMIZATION_LEVEL = "-O";
				VALIDATE_PRODUCT = YES;
			};
			name = Release;
		};
		6B5BCE5321BC15E60061BD90 /* Debug */ = {
			isa = XCBuildConfiguration;
			buildSettings = {
				ASSETCATALOG_COMPILER_APPICON_NAME = AppIcon;
				CODE_SIGN_STYLE = Automatic;
				DEVELOPMENT_TEAM = 2UGBQYC9Y9;
				INFOPLIST_FILE = Netizens/Info.plist;
				LD_RUNPATH_SEARCH_PATHS = (
					"$(inherited)",
					"@executable_path/Frameworks",
				);
				PRODUCT_BUNDLE_IDENTIFIER = kl.24abc.pl.Netizens;
				PRODUCT_NAME = "$(TARGET_NAME)";
				SWIFT_VERSION = 4.2;
				TARGETED_DEVICE_FAMILY = 1;
			};
			name = Debug;
		};
		6B5BCE5421BC15E60061BD90 /* Release */ = {
			isa = XCBuildConfiguration;
			buildSettings = {
				ASSETCATALOG_COMPILER_APPICON_NAME = AppIcon;
				CODE_SIGN_STYLE = Automatic;
				DEVELOPMENT_TEAM = 2UGBQYC9Y9;
				INFOPLIST_FILE = Netizens/Info.plist;
				LD_RUNPATH_SEARCH_PATHS = (
					"$(inherited)",
					"@executable_path/Frameworks",
				);
				PRODUCT_BUNDLE_IDENTIFIER = kl.24abc.pl.Netizens;
				PRODUCT_NAME = "$(TARGET_NAME)";
				SWIFT_VERSION = 4.2;
				TARGETED_DEVICE_FAMILY = 1;
			};
			name = Release;
		};
/* End XCBuildConfiguration section */

/* Begin XCConfigurationList section */
		6B5BCE3B21BC15E40061BD90 /* Build configuration list for PBXProject "Netizens" */ = {
			isa = XCConfigurationList;
			buildConfigurations = (
				6B5BCE5021BC15E60061BD90 /* Debug */,
				6B5BCE5121BC15E60061BD90 /* Release */,
			);
			defaultConfigurationIsVisible = 0;
			defaultConfigurationName = Release;
		};
		6B5BCE5221BC15E60061BD90 /* Build configuration list for PBXNativeTarget "Netizens" */ = {
			isa = XCConfigurationList;
			buildConfigurations = (
				6B5BCE5321BC15E60061BD90 /* Debug */,
				6B5BCE5421BC15E60061BD90 /* Release */,
			);
			defaultConfigurationIsVisible = 0;
			defaultConfigurationName = Release;
		};
/* End XCConfigurationList section */
	};
	rootObject = 6B5BCE3821BC15E40061BD90 /* Project object */;
}
